
Microsoft Visual Studio Solution File, Format Version 12.00
# Visual Studio Version 17
VisualStudioVersion = 17.0.31903.59
MinimumVisualStudioVersion = 10.0.40219.1
Project("{2150E333-8FDC-42A3-9474-1A3956D46DE8}") = "src", "src", "{827E0CD3-B72D-47B6-A68D-7590B98EB39B}"
EndProject
Project("{FAE04EC0-301F-11D3-BF4B-00C04F79EFBC}") = "Bonds.Core", "src\Bonds.Core\Bonds.Core.csproj", "{6A6BA29A-C964-47B4-BF29-BC7789BACB1E}"
EndProject
Project("{FAE04EC0-301F-11D3-BF4B-00C04F79EFBC}") = "Bonds.Cli", "src\Bonds.Cli\Bonds.Cli.csproj", "{77BF842E-BB23-4733-8042-61D112969A05}"
EndProject
Project("{2150E333-8FDC-42A3-9474-1A3956D46DE8}") = "tests", "tests", "{0AB3BF05-4346-4AA6-1389-037BE0695223}"
EndProject
Project("{FAE04EC0-301F-11D3-BF4B-00C04F79EFBC}") = "Bonds.Core.Tests", "tests\Bonds.Core.Tests\Bonds.Core.Tests.csproj", "{30D3BD5B-F505-4DD9-A0CF-156ADA37BA46}"
EndProject
Project("{FAE04EC0-301F-11D3-BF4B-00C04F79EFBC}") = "Bonds.Cli.Tests", "tests\Bonds.Cli.Tests\Bonds.Cli.Tests.csproj", "{98DB4C45-4FB7-4D5F-8AB7-DFE242B1617D}"
EndProject
Project("{FAE04EC0-301F-11D3-BF4B-00C04F79EFBC}") = "Bonds.Sources", "src\Bonds.Sources\Bonds.Sources.csproj", "{28759EED-8093-4869-AF23-604899348FC9}"
EndProject
Project("{FAE04EC0-301F-11D3-BF4B-00C04F79EFBC}") = "Bonds.Sources.Tests", "tests\Bonds.Sources.Tests\Bonds.Sources.Tests.csproj", "{4CD2C973-19BF-4AD7-9404-3A54B34B5217}"
EndProject
Global
	GlobalSection(SolutionConfigurationPlatforms) = preSolution
		Debug|Any CPU = Debug|Any CPU
		Debug|x64 = Debug|x64
		Debug|x86 = Debug|x86
		Release|Any CPU = Release|Any CPU
		Release|x64 = Release|x64
		Release|x86 = Release|x86
	EndGlobalSection
	GlobalSection(ProjectConfigurationPlatforms) = postSolution
		{6A6BA29A-C964-47B4-BF29-BC7789BACB1E}.Debug|Any CPU.ActiveCfg = Debug|Any CPU
		{6A6BA29A-C964-47B4-BF29-BC7789BACB1E}.Debug|Any CPU.Build.0 = Debug|Any CPU
		{6A6BA29A-C964-47B4-BF29-BC7789BACB1E}.Debug|x64.ActiveCfg = Debug|Any CPU
		{6A6BA29A-C964-47B4-BF29-BC7789BACB1E}.Debug|x64.Build.0 = Debug|Any CPU
		{6A6BA29A-C964-47B4-BF29-BC7789BACB1E}.Debug|x86.ActiveCfg = Debug|Any CPU
		{6A6BA29A-C964-47B4-BF29-BC7789BACB1E}.Debug|x86.Build.0 = Debug|Any CPU
		{6A6BA29A-C964-47B4-BF29-BC7789BACB1E}.Release|Any CPU.ActiveCfg = Release|Any CPU
		{6A6BA29A-C964-47B4-BF29-BC7789BACB1E}.Release|Any CPU.Build.0 = Release|Any CPU
		{6A6BA29A-C964-47B4-BF29-BC7789BACB1E}.Release|x64.ActiveCfg = Release|Any CPU
		{6A6BA29A-C964-47B4-BF29-BC7789BACB1E}.Release|x64.Build.0 = Release|Any CPU
		{6A6BA29A-C964-47B4-BF29-BC7789BACB1E}.Release|x86.ActiveCfg = Release|Any CPU
		{6A6BA29A-C964-47B4-BF29-BC7789BACB1E}.Release|x86.Build.0 = Release|Any CPU
		{77BF842E-BB23-4733-8042-61D112969A05}.Debug|Any CPU.ActiveCfg = Debug|Any CPU
		{77BF842E-BB23-4733-8042-61D112969A05}.Debug|Any CPU.Build.0 = Debug|Any CPU
		{77BF842E-BB23-4733-8042-61D112969A05}.Debug|x64.ActiveCfg = Debug|Any CPU
		{77BF842E-BB23-4733-8042-61D112969A05}.Debug|x64.Build.0 = Debug|Any CPU
		{77BF842E-BB23-4733-8042-61D112969A05}.Debug|x86.ActiveCfg = Debug|Any CPU
		{77BF842E-BB23-4733-8042-61D112969A05}.Debug|x86.Build.0 = Debug|Any CPU
		{77BF842E-BB23-4733-8042-61D112969A05}.Release|Any CPU.ActiveCfg = Release|Any CPU
		{77BF842E-BB23-4733-8042-61D112969A05}.Release|Any CPU.Build.0 = Release|Any CPU
		{77BF842E-BB23-4733-8042-61D112969A05}.Release|x64.ActiveCfg = Release|Any CPU
		{77BF842E-BB23-4733-8042-61D112969A05}.Release|x64.Build.0 = Release|Any CPU
		{77BF842E-BB23-4733-8042-61D112969A05}.Release|x86.ActiveCfg = Release|Any CPU
		{77BF842E-BB23-4733-8042-61D112969A05}.Release|x86.Build.0 = Release|Any CPU
		{30D3BD5B-F505-4DD9-A0CF-156ADA37BA46}.Debug|Any CPU.ActiveCfg = Debug|Any CPU
		{30D3BD5B-F505-4DD9-A0CF-156ADA37BA46}.Debug|Any CPU.Build.0 = Debug|Any CPU
		{30D3BD5B-F505-4DD9-A0CF-156ADA37BA46}.Debug|x64.ActiveCfg = Debug|Any CPU
		{30D3BD5B-F505-4DD9-A0CF-156ADA37BA46}.Debug|x64.Build.0 = Debug|Any CPU
		{30D3BD5B-F505-4DD9-A0CF-156ADA37BA46}.Debug|x86.ActiveCfg = Debug|Any CPU
		{30D3BD5B-F505-4DD9-A0CF-156ADA37BA46}.Debug|x86.Build.0 = Debug|Any CPU
		{30D3BD5B-F505-4DD9-A0CF-156ADA37BA46}.Release|Any CPU.ActiveCfg = Release|Any CPU
		{30D3BD5B-F505-4DD9-A0CF-156ADA37BA46}.Release|Any CPU.Build.0 = Release|Any CPU
		{30D3BD5B-F505-4DD9-A0CF-156ADA37BA46}.Release|x64.ActiveCfg = Release|Any CPU
		{30D3BD5B-F505-4DD9-A0CF-156ADA37BA46}.Release|x64.Build.0 = Release|Any CPU
		{30D3BD5B-F505-4DD9-A0CF-156ADA37BA46}.Release|x86.ActiveCfg = Release|Any CPU
		{30D3BD5B-F505-4DD9-A0CF-156ADA37BA46}.Release|x86.Build.0 = Release|Any CPU
		{98DB4C45-4FB7-4D5F-8AB7-DFE242B1617D}.Debug|Any CPU.ActiveCfg = Debug|Any CPU
		{98DB4C45-4FB7-4D5F-8AB7-DFE242B1617D}.Debug|Any CPU.Build.0 = Debug|Any CPU
		{98DB4C45-4FB7-4D5F-8AB7-DFE242B1617D}.Debug|x64.ActiveCfg = Debug|Any CPU
		{98DB4C45-4FB7-4D5F-8AB7-DFE242B1617D}.Debug|x64.Build.0 = Debug|Any CPU
		{98DB4C45-4FB7-4D5F-8AB7-DFE242B1617D}.Debug|x86.ActiveCfg = Debug|Any CPU
		{98DB4C45-4FB7-4D5F-8AB7-DFE242B1617D}.Debug|x86.Build.0 = Debug|Any CPU
		{98DB4C45-4FB7-4D5F-8AB7-DFE242B1617D}.Release|Any CPU.ActiveCfg = Release|Any CPU
		{98DB4C45-4FB7-4D5F-8AB7-DFE242B1617D}.Release|Any CPU.Build.0 = Release|Any CPU
		{98DB4C45-4FB7-4D5F-8AB7-DFE242B1617D}.Release|x64.ActiveCfg = Release|Any CPU
		{98DB4C45-4FB7-4D5F-8AB7-DFE242B1617D}.Release|x64.Build.0 = Release|Any CPU
		{98DB4C45-4FB7-4D5F-8AB7-DFE242B1617D}.Release|x86.ActiveCfg = Release|Any CPU
		{98DB4C45-4FB7-4D5F-8AB7-DFE242B1617D}.Release|x86.Build.0 = Release|Any CPU
		{28759EED-8093-4869-AF23-604899348FC9}.Debug|Any CPU.ActiveCfg = Debug|Any CPU
		{28759EED-8093-4869-AF23-604899348FC9}.Debug|Any CPU.Build.0 = Debug|Any CPU
		{28759EED-8093-4869-AF23-604899348FC9}.Debug|x64.ActiveCfg = Debug|Any CPU
		{28759EED-8093-4869-AF23-604899348FC9}.Debug|x64.Build.0 = Debug|Any CPU
		{28759EED-8093-4869-AF23-604899348FC9}.Debug|x86.ActiveCfg = Debug|Any CPU
		{28759EED-8093-4869-AF23-604899348FC9}.Debug|x86.Build.0 = Debug|Any CPU
		{28759EED-8093-4869-AF23-604899348FC9}.Release|Any CPU.ActiveCfg = Release|Any CPU
		{28759EED-8093-4869-AF23-604899348FC9}.Release|Any CPU.Build.0 = Release|Any CPU
		{28759EED-8093-4869-AF23-604899348FC9}.Release|x64.ActiveCfg = Release|Any CPU
		{28759EED-8093-4869-AF23-604899348FC9}.Release|x64.Build.0 = Release|Any CPU
		{28759EED-8093-4869-AF23-604899348FC9}.Release|x86.ActiveCfg = Release|Any CPU
		{28759EED-8093-4869-AF23-604899348FC9}.Release|x86.Build.0 = Release|Any CPU
		{4CD2C973-19BF-4AD7-9404-3A54B34B5217}.Debug|Any CPU.ActiveCfg = Debug|Any CPU
		{4CD2C973-19BF-4AD7-9404-3A54B34B5217}.Debug|Any CPU.Build.0 = Debug|Any CPU
		{4CD2C973-19BF-4AD7-9404-3A54B34B5217}.Debug|x64.ActiveCfg = Debug|Any CPU
		{4CD2C973-19BF-4AD7-9404-3A54B34B5217}.Debug|x64.Build.0 = Debug|Any CPU
		{4CD2C973-19BF-4AD7-9404-3A54B34B5217}.Debug|x86.ActiveCfg = Debug|Any CPU
		{4CD2C973-19BF-4AD7-9404-3A54B34B5217}.Debug|x86.Build.0 = Debug|Any CPU
		{4CD2C973-19BF-4AD7-9404-3A54B34B5217}.Release|Any CPU.ActiveCfg = Release|Any CPU
		{4CD2C973-19BF-4AD7-9404-3A54B34B5217}.Release|Any CPU.Build.0 = Release|Any CPU
		{4CD2C973-19BF-4AD7-9404-3A54B34B5217}.Release|x64.ActiveCfg = Release|Any CPU
		{4CD2C973-19BF-4AD7-9404-3A54B34B5217}.Release|x64.Build.0 = Release|Any CPU
		{4CD2C973-19BF-4AD7-9404-3A54B34B5217}.Release|x86.ActiveCfg = Release|Any CPU
		{4CD2C973-19BF-4AD7-9404-3A54B34B5217}.Release|x86.Build.0 = Release|Any CPU
	EndGlobalSection
	GlobalSection(SolutionProperties) = preSolution
		HideSolutionNode = FALSE
	EndGlobalSection
	GlobalSection(NestedProjects) = preSolution
		{6A6BA29A-C964-47B4-BF29-BC7789BACB1E} = {827E0CD3-B72D-47B6-A68D-7590B98EB39B}
		{77BF842E-BB23-4733-8042-61D112969A05} = {827E0CD3-B72D-47B6-A68D-7590B98EB39B}
		{30D3BD5B-F505-4DD9-A0CF-156ADA37BA46} = {0AB3BF05-4346-4AA6-1389-037BE0695223}
		{98DB4C45-4FB7-4D5F-8AB7-DFE242B1617D} = {0AB3BF05-4346-4AA6-1389-037BE0695223}
		{28759EED-8093-4869-AF23-604899348FC9} = {827E0CD3-B72D-47B6-A68D-7590B98EB39B}
		{4CD2C973-19BF-4AD7-9404-3A54B34B5217} = {0AB3BF05-4346-4AA6-1389-037BE0695223}
	EndGlobalSection
EndGlobal
